// !$*UTF8*$!
{
	archiveVersion = 1;
	classes = {
	};
	objectVersion = 56;
	objects = {

/* Begin PBXBuildFile section */
		CFAC645029C36A3400F7BBD9 /* registryApp.swift in Sources */ = {isa = PBXBuildFile; fileRef = CFAC644F29C36A3400F7BBD9 /* registryApp.swift */; };
		CFAC645229C36A3400F7BBD9 /* ContentView.swift in Sources */ = {isa = PBXBuildFile; fileRef = CFAC645129C36A3400F7BBD9 /* ContentView.swift */; };
		CFAC645429C36A3500F7BBD9 /* Assets.xcassets in Resources */ = {isa = PBXBuildFile; fileRef = CFAC645329C36A3500F7BBD9 /* Assets.xcassets */; };
		CFAC645729C36A3500F7BBD9 /* Preview Assets.xcassets in Resources */ = {isa = PBXBuildFile; fileRef = CFAC645629C36A3500F7BBD9 /* Preview Assets.xcassets */; };
		CFAC646229C36B4700F7BBD9 /* User.swift in Sources */ = {isa = PBXBuildFile; fileRef = CFAC646129C36B4700F7BBD9 /* User.swift */; };
		CFAC646429C36B5300F7BBD9 /* GiftList.swift in Sources */ = {isa = PBXBuildFile; fileRef = CFAC646329C36B5300F7BBD9 /* GiftList.swift */; };
		CFAC646629C36B5800F7BBD9 /* Gift.swift in Sources */ = {isa = PBXBuildFile; fileRef = CFAC646529C36B5800F7BBD9 /* Gift.swift */; };
		CFAC646829C36B6700F7BBD9 /* Credentials.swift in Sources */ = {isa = PBXBuildFile; fileRef = CFAC646729C36B6700F7BBD9 /* Credentials.swift */; };
		CFAC646A29C36B7A00F7BBD9 /* Friendship.swift in Sources */ = {isa = PBXBuildFile; fileRef = CFAC646929C36B7A00F7BBD9 /* Friendship.swift */; };
		CFAC646D29C36BC100F7BBD9 /* LoginView.swift in Sources */ = {isa = PBXBuildFile; fileRef = CFAC646C29C36BC100F7BBD9 /* LoginView.swift */; };
		CFAC646F29C36BD100F7BBD9 /* SignupView.swift in Sources */ = {isa = PBXBuildFile; fileRef = CFAC646E29C36BD100F7BBD9 /* SignupView.swift */; };
		CFAC647129C36BFF00F7BBD9 /* RegistryViewModel.swift in Sources */ = {isa = PBXBuildFile; fileRef = CFAC647029C36BFF00F7BBD9 /* RegistryViewModel.swift */; };
		CFAC647429C36C7A00F7BBD9 /* PostgresClientKit in Frameworks */ = {isa = PBXBuildFile; productRef = CFAC647329C36C7A00F7BBD9 /* PostgresClientKit */; };
/* End PBXBuildFile section */

/* Begin PBXFileReference section */
		CFAC644C29C36A3400F7BBD9 /* registry.app */ = {isa = PBXFileReference; explicitFileType = wrapper.application; includeInIndex = 0; path = registry.app; sourceTree = BUILT_PRODUCTS_DIR; };
		CFAC644F29C36A3400F7BBD9 /* registryApp.swift */ = {isa = PBXFileReference; lastKnownFileType = sourcecode.swift; path = registryApp.swift; sourceTree = "<group>"; };
		CFAC645129C36A3400F7BBD9 /* ContentView.swift */ = {isa = PBXFileReference; lastKnownFileType = sourcecode.swift; path = ContentView.swift; sourceTree = "<group>"; };
		CFAC645329C36A3500F7BBD9 /* Assets.xcassets */ = {isa = PBXFileReference; lastKnownFileType = folder.assetcatalog; path = Assets.xcassets; sourceTree = "<group>"; };
		CFAC645629C36A3500F7BBD9 /* Preview Assets.xcassets */ = {isa = PBXFileReference; lastKnownFileType = folder.assetcatalog; path = "Preview Assets.xcassets"; sourceTree = "<group>"; };
		CFAC645D29C36AF000F7BBD9 /* README.md */ = {isa = PBXFileReference; lastKnownFileType = net.daringfireball.markdown; path = README.md; sourceTree = "<group>"; };
		CFAC646129C36B4700F7BBD9 /* User.swift */ = {isa = PBXFileReference; lastKnownFileType = sourcecode.swift; path = User.swift; sourceTree = "<group>"; };
		CFAC646329C36B5300F7BBD9 /* GiftList.swift */ = {isa = PBXFileReference; lastKnownFileType = sourcecode.swift; name = GiftList.swift; path = ../../../../../../../Applications/GiftList.swift; sourceTree = "<group>"; };
		CFAC646529C36B5800F7BBD9 /* Gift.swift */ = {isa = PBXFileReference; lastKnownFileType = sourcecode.swift; path = Gift.swift; sourceTree = "<group>"; };
		CFAC646729C36B6700F7BBD9 /* Credentials.swift */ = {isa = PBXFileReference; lastKnownFileType = sourcecode.swift; path = Credentials.swift; sourceTree = "<group>"; };
		CFAC646929C36B7A00F7BBD9 /* Friendship.swift */ = {isa = PBXFileReference; lastKnownFileType = sourcecode.swift; path = Friendship.swift; sourceTree = "<group>"; };
		CFAC646C29C36BC100F7BBD9 /* LoginView.swift */ = {isa = PBXFileReference; lastKnownFileType = sourcecode.swift; path = LoginView.swift; sourceTree = "<group>"; };
		CFAC646E29C36BD100F7BBD9 /* SignupView.swift */ = {isa = PBXFileReference; lastKnownFileType = sourcecode.swift; path = SignupView.swift; sourceTree = "<group>"; };
		CFAC647029C36BFF00F7BBD9 /* RegistryViewModel.swift */ = {isa = PBXFileReference; lastKnownFileType = sourcecode.swift; path = RegistryViewModel.swift; sourceTree = "<group>"; };
/* End PBXFileReference section */

/* Begin PBXFrameworksBuildPhase section */
		CFAC644929C36A3400F7BBD9 /* Frameworks */ = {
			isa = PBXFrameworksBuildPhase;
			buildActionMask = 2147483647;
			files = (
				CFAC647429C36C7A00F7BBD9 /* PostgresClientKit in Frameworks */,
			);
			runOnlyForDeploymentPostprocessing = 0;
		};
/* End PBXFrameworksBuildPhase section */

/* Begin PBXGroup section */
		CFAC644329C36A3400F7BBD9 = {
			isa = PBXGroup;
			children = (
				CFAC644E29C36A3400F7BBD9 /* registry */,
				CFAC644D29C36A3400F7BBD9 /* Products */,
			);
			sourceTree = "<group>";
		};
		CFAC644D29C36A3400F7BBD9 /* Products */ = {
			isa = PBXGroup;
			children = (
				CFAC644C29C36A3400F7BBD9 /* registry.app */,
			);
			name = Products;
			sourceTree = "<group>";
		};
		CFAC644E29C36A3400F7BBD9 /* registry */ = {
			isa = PBXGroup;
			children = (
				CFAC644F29C36A3400F7BBD9 /* registryApp.swift */,
				CFAC645329C36A3500F7BBD9 /* Assets.xcassets */,
				CFAC645E29C36AF400F7BBD9 /* Model */,
				CFAC645F29C36AF900F7BBD9 /* View */,
				CFAC646029C36AFD00F7BBD9 /* ViewModel */,
				CFAC645529C36A3500F7BBD9 /* Preview Content */,
				CFAC645D29C36AF000F7BBD9 /* README.md */,
			);
			path = registry;
			sourceTree = "<group>";
		};
		CFAC645529C36A3500F7BBD9 /* Preview Content */ = {
			isa = PBXGroup;
			children = (
				CFAC645629C36A3500F7BBD9 /* Preview Assets.xcassets */,
			);
			path = "Preview Content";
			sourceTree = "<group>";
		};
		CFAC645E29C36AF400F7BBD9 /* Model */ = {
			isa = PBXGroup;
			children = (
				CFAC646129C36B4700F7BBD9 /* User.swift */,
				CFAC646329C36B5300F7BBD9 /* GiftList.swift */,
				CFAC646529C36B5800F7BBD9 /* Gift.swift */,
				CFAC646729C36B6700F7BBD9 /* Credentials.swift */,
				CFAC646929C36B7A00F7BBD9 /* Friendship.swift */,
			);
			path = Model;
			sourceTree = "<group>";
		};
		CFAC645F29C36AF900F7BBD9 /* View */ = {
			isa = PBXGroup;
			children = (
				CFAC646B29C36BB600F7BBD9 /* Auth */,
				CFAC645129C36A3400F7BBD9 /* ContentView.swift */,
			);
			path = View;
			sourceTree = "<group>";
		};
		CFAC646029C36AFD00F7BBD9 /* ViewModel */ = {
			isa = PBXGroup;
			children = (
				CFAC647029C36BFF00F7BBD9 /* RegistryViewModel.swift */,
			);
			path = ViewModel;
			sourceTree = "<group>";
		};
		CFAC646B29C36BB600F7BBD9 /* Auth */ = {
			isa = PBXGroup;
			children = (
				CFAC646C29C36BC100F7BBD9 /* LoginView.swift */,
				CFAC646E29C36BD100F7BBD9 /* SignupView.swift */,
			);
			path = Auth;
			sourceTree = "<group>";
		};
/* End PBXGroup section */

/* Begin PBXNativeTarget section */
		CFAC644B29C36A3400F7BBD9 /* registry */ = {
			isa = PBXNativeTarget;
			buildConfigurationList = CFAC645A29C36A3500F7BBD9 /* Build configuration list for PBXNativeTarget "registry" */;
			buildPhases = (
				CFAC644829C36A3400F7BBD9 /* Sources */,
				CFAC644929C36A3400F7BBD9 /* Frameworks */,
				CFAC644A29C36A3400F7BBD9 /* Resources */,
			);
			buildRules = (
			);
			dependencies = (
			);
			name = registry;
			packageProductDependencies = (
				CFAC647329C36C7A00F7BBD9 /* PostgresClientKit */,
			);
			productName = registry;
			productReference = CFAC644C29C36A3400F7BBD9 /* registry.app */;
			productType = "com.apple.product-type.application";
		};
/* End PBXNativeTarget section */

/* Begin PBXProject section */
		CFAC644429C36A3400F7BBD9 /* Project object */ = {
			isa = PBXProject;
			attributes = {
				BuildIndependentTargetsInParallel = 1;
				LastSwiftUpdateCheck = 1420;
				LastUpgradeCheck = 1420;
				TargetAttributes = {
					CFAC644B29C36A3400F7BBD9 = {
						CreatedOnToolsVersion = 14.2;
					};
				};
			};
			buildConfigurationList = CFAC644729C36A3400F7BBD9 /* Build configuration list for PBXProject "registry" */;
			compatibilityVersion = "Xcode 14.0";
			developmentRegion = en;
			hasScannedForEncodings = 0;
			knownRegions = (
				en,
				Base,
			);
			mainGroup = CFAC644329C36A3400F7BBD9;
			packageReferences = (
				CFAC647229C36C7A00F7BBD9 /* XCRemoteSwiftPackageReference "PostgresClientKit" */,
			);
			productRefGroup = CFAC644D29C36A3400F7BBD9 /* Products */;
			projectDirPath = "";
			projectRoot = "";
			targets = (
				CFAC644B29C36A3400F7BBD9 /* registry */,
			);
		};
/* End PBXProject section */

/* Begin PBXResourcesBuildPhase section */
		CFAC644A29C36A3400F7BBD9 /* Resources */ = {
			isa = PBXResourcesBuildPhase;
			buildActionMask = 2147483647;
			files = (
				CFAC645729C36A3500F7BBD9 /* Preview Assets.xcassets in Resources */,
				CFAC645429C36A3500F7BBD9 /* Assets.xcassets in Resources */,
			);
			runOnlyForDeploymentPostprocessing = 0;
		};
/* End PBXResourcesBuildPhase section */

/* Begin PBXSourcesBuildPhase section */
		CFAC644829C36A3400F7BBD9 /* Sources */ = {
			isa = PBXSourcesBuildPhase;
			buildActionMask = 2147483647;
			files = (
				CFAC646829C36B6700F7BBD9 /* Credentials.swift in Sources */,
				CFAC645229C36A3400F7BBD9 /* ContentView.swift in Sources */,
				CFAC646629C36B5800F7BBD9 /* Gift.swift in Sources */,
				CFAC646A29C36B7A00F7BBD9 /* Friendship.swift in Sources */,
				CFAC645029C36A3400F7BBD9 /* registryApp.swift in Sources */,
				CFAC646229C36B4700F7BBD9 /* User.swift in Sources */,
				CFAC646D29C36BC100F7BBD9 /* LoginView.swift in Sources */,
				CFAC647129C36BFF00F7BBD9 /* RegistryViewModel.swift in Sources */,
				CFAC646F29C36BD100F7BBD9 /* SignupView.swift in Sources */,
				CFAC646429C36B5300F7BBD9 /* GiftList.swift in Sources */,
			);
			runOnlyForDeploymentPostprocessing = 0;
		};
/* End PBXSourcesBuildPhase section */

/* Begin XCBuildConfiguration section */
		CFAC645829C36A3500F7BBD9 /* Debug */ = {
			isa = XCBuildConfiguration;
			buildSettings = {
				ALWAYS_SEARCH_USER_PATHS = NO;
				CLANG_ANALYZER_NONNULL = YES;
				CLANG_ANALYZER_NUMBER_OBJECT_CONVERSION = YES_AGGRESSIVE;
				CLANG_CXX_LANGUAGE_STANDARD = "gnu++20";
				CLANG_ENABLE_MODULES = YES;
				CLANG_ENABLE_OBJC_ARC = YES;
				CLANG_ENABLE_OBJC_WEAK = YES;
				CLANG_WARN_BLOCK_CAPTURE_AUTORELEASING = YES;
				CLANG_WARN_BOOL_CONVERSION = YES;
				CLANG_WARN_COMMA = YES;
				CLANG_WARN_CONSTANT_CONVERSION = YES;
				CLANG_WARN_DEPRECATED_OBJC_IMPLEMENTATIONS = YES;
				CLANG_WARN_DIRECT_OBJC_ISA_USAGE = YES_ERROR;
				CLANG_WARN_DOCUMENTATION_COMMENTS = YES;
				CLANG_WARN_EMPTY_BODY = YES;
				CLANG_WARN_ENUM_CONVERSION = YES;
				CLANG_WARN_INFINITE_RECURSION = YES;
				CLANG_WARN_INT_CONVERSION = YES;
				CLANG_WARN_NON_LITERAL_NULL_CONVERSION = YES;
				CLANG_WARN_OBJC_IMPLICIT_RETAIN_SELF = YES;
				CLANG_WARN_OBJC_LITERAL_CONVERSION = YES;
				CLANG_WARN_OBJC_ROOT_CLASS = YES_ERROR;
				CLANG_WARN_QUOTED_INCLUDE_IN_FRAMEWORK_HEADER = YES;
				CLANG_WARN_RANGE_LOOP_ANALYSIS = YES;
				CLANG_WARN_STRICT_PROTOTYPES = YES;
				CLANG_WARN_SUSPICIOUS_MOVE = YES;
				CLANG_WARN_UNGUARDED_AVAILABILITY = YES_AGGRESSIVE;
				CLANG_WARN_UNREACHABLE_CODE = YES;
				CLANG_WARN__DUPLICATE_METHOD_MATCH = YES;
				COPY_PHASE_STRIP = NO;
				DEBUG_INFORMATION_FORMAT = dwarf;
				ENABLE_STRICT_OBJC_MSGSEND = YES;
				ENABLE_TESTABILITY = YES;
				GCC_C_LANGUAGE_STANDARD = gnu11;
				GCC_DYNAMIC_NO_PIC = NO;
				GCC_NO_COMMON_BLOCKS = YES;
				GCC_OPTIMIZATION_LEVEL = 0;
				GCC_PREPROCESSOR_DEFINITIONS = (
					"DEBUG=1",
					"$(inherited)",
				);
				GCC_WARN_64_TO_32_BIT_CONVERSION = YES;
				GCC_WARN_ABOUT_RETURN_TYPE = YES_ERROR;
				GCC_WARN_UNDECLARED_SELECTOR = YES;
				GCC_WARN_UNINITIALIZED_AUTOS = YES_AGGRESSIVE;
				GCC_WARN_UNUSED_FUNCTION = YES;
				GCC_WARN_UNUSED_VARIABLE = YES;
				IPHONEOS_DEPLOYMENT_TARGET = 16.2;
				MTL_ENABLE_DEBUG_INFO = INCLUDE_SOURCE;
				MTL_FAST_MATH = YES;
				ONLY_ACTIVE_ARCH = YES;
				SDKROOT = iphoneos;
				SWIFT_ACTIVE_COMPILATION_CONDITIONS = DEBUG;
				SWIFT_OPTIMIZATION_LEVEL = "-Onone";
			};
			name = Debug;
		};
		CFAC645929C36A3500F7BBD9 /* Release */ = {
			isa = XCBuildConfiguration;
			buildSettings = {
				ALWAYS_SEARCH_USER_PATHS = NO;
				CLANG_ANALYZER_NONNULL = YES;
				CLANG_ANALYZER_NUMBER_OBJECT_CONVERSION = YES_AGGRESSIVE;
				CLANG_CXX_LANGUAGE_STANDARD = "gnu++20";
				CLANG_ENABLE_MODULES = YES;
				CLANG_ENABLE_OBJC_ARC = YES;
				CLANG_ENABLE_OBJC_WEAK = YES;
				CLANG_WARN_BLOCK_CAPTURE_AUTORELEASING = YES;
				CLANG_WARN_BOOL_CONVERSION = YES;
				CLANG_WARN_COMMA = YES;
				CLANG_WARN_CONSTANT_CONVERSION = YES;
				CLANG_WARN_DEPRECATED_OBJC_IMPLEMENTATIONS = YES;
				CLANG_WARN_DIRECT_OBJC_ISA_USAGE = YES_ERROR;
				CLANG_WARN_DOCUMENTATION_COMMENTS = YES;
				CLANG_WARN_EMPTY_BODY = YES;
				CLANG_WARN_ENUM_CONVERSION = YES;
				CLANG_WARN_INFINITE_RECURSION = YES;
				CLANG_WARN_INT_CONVERSION = YES;
				CLANG_WARN_NON_LITERAL_NULL_CONVERSION = YES;
				CLANG_WARN_OBJC_IMPLICIT_RETAIN_SELF = YES;
				CLANG_WARN_OBJC_LITERAL_CONVERSION = YES;
				CLANG_WARN_OBJC_ROOT_CLASS = YES_ERROR;
				CLANG_WARN_QUOTED_INCLUDE_IN_FRAMEWORK_HEADER = YES;
				CLANG_WARN_RANGE_LOOP_ANALYSIS = YES;
				CLANG_WARN_STRICT_PROTOTYPES = YES;
				CLANG_WARN_SUSPICIOUS_MOVE = YES;
				CLANG_WARN_UNGUARDED_AVAILABILITY = YES_AGGRESSIVE;
				CLANG_WARN_UNREACHABLE_CODE = YES;
				CLANG_WARN__DUPLICATE_METHOD_MATCH = YES;
				COPY_PHASE_STRIP = NO;
				DEBUG_INFORMATION_FORMAT = "dwarf-with-dsym";
				ENABLE_NS_ASSERTIONS = NO;
				ENABLE_STRICT_OBJC_MSGSEND = YES;
				GCC_C_LANGUAGE_STANDARD = gnu11;
				GCC_NO_COMMON_BLOCKS = YES;
				GCC_WARN_64_TO_32_BIT_CONVERSION = YES;
				GCC_WARN_ABOUT_RETURN_TYPE = YES_ERROR;
				GCC_WARN_UNDECLARED_SELECTOR = YES;
				GCC_WARN_UNINITIALIZED_AUTOS = YES_AGGRESSIVE;
				GCC_WARN_UNUSED_FUNCTION = YES;
				GCC_WARN_UNUSED_VARIABLE = YES;
				IPHONEOS_DEPLOYMENT_TARGET = 16.2;
				MTL_ENABLE_DEBUG_INFO = NO;
				MTL_FAST_MATH = YES;
				SDKROOT = iphoneos;
				SWIFT_COMPILATION_MODE = wholemodule;
				SWIFT_OPTIMIZATION_LEVEL = "-O";
				VALIDATE_PRODUCT = YES;
			};
			name = Release;
		};
		CFAC645B29C36A3500F7BBD9 /* Debug */ = {
			isa = XCBuildConfiguration;
			buildSettings = {
				ASSETCATALOG_COMPILER_APPICON_NAME = AppIcon;
				ASSETCATALOG_COMPILER_GLOBAL_ACCENT_COLOR_NAME = AccentColor;
				CODE_SIGN_STYLE = Automatic;
				CURRENT_PROJECT_VERSION = 1;
				DEVELOPMENT_ASSET_PATHS = "\"registry/Preview Content\"";
				DEVELOPMENT_TEAM = Y9WNGWP3CA;
				ENABLE_PREVIEWS = YES;
				GENERATE_INFOPLIST_FILE = YES;
				INFOPLIST_KEY_UIApplicationSceneManifest_Generation = YES;
				INFOPLIST_KEY_UIApplicationSupportsIndirectInputEvents = YES;
				INFOPLIST_KEY_UILaunchScreen_Generation = YES;
				INFOPLIST_KEY_UISupportedInterfaceOrientations_iPad = "UIInterfaceOrientationPortrait UIInterfaceOrientationPortraitUpsideDown UIInterfaceOrientationLandscapeLeft UIInterfaceOrientationLandscapeRight";
				INFOPLIST_KEY_UISupportedInterfaceOrientations_iPhone = "UIInterfaceOrientationPortrait UIInterfaceOrientationLandscapeLeft UIInterfaceOrientationLandscapeRight";
				LD_RUNPATH_SEARCH_PATHS = (
					"$(inherited)",
					"@executable_path/Frameworks",
				);
				MARKETING_VERSION = 1.0;
				PRODUCT_BUNDLE_IDENTIFIER = com.personal.registry;
				PRODUCT_NAME = "$(TARGET_NAME)";
				SWIFT_EMIT_LOC_STRINGS = YES;
				SWIFT_VERSION = 5.0;
				TARGETED_DEVICE_FAMILY = "1,2";
			};
			name = Debug;
		};
		CFAC645C29C36A3500F7BBD9 /* Release */ = {
			isa = XCBuildConfiguration;
			buildSettings = {
				ASSETCATALOG_COMPILER_APPICON_NAME = AppIcon;
				ASSETCATALOG_COMPILER_GLOBAL_ACCENT_COLOR_NAME = AccentColor;
				CODE_SIGN_STYLE = Automatic;
				CURRENT_PROJECT_VERSION = 1;
				DEVELOPMENT_ASSET_PATHS = "\"registry/Preview Content\"";
				DEVELOPMENT_TEAM = Y9WNGWP3CA;
				ENABLE_PREVIEWS = YES;
				GENERATE_INFOPLIST_FILE = YES;
				INFOPLIST_KEY_UIApplicationSceneManifest_Generation = YES;
				INFOPLIST_KEY_UIApplicationSupportsIndirectInputEvents = YES;
				INFOPLIST_KEY_UILaunchScreen_Generation = YES;
				INFOPLIST_KEY_UISupportedInterfaceOrientations_iPad = "UIInterfaceOrientationPortrait UIInterfaceOrientationPortraitUpsideDown UIInterfaceOrientationLandscapeLeft UIInterfaceOrientationLandscapeRight";
				INFOPLIST_KEY_UISupportedInterfaceOrientations_iPhone = "UIInterfaceOrientationPortrait UIInterfaceOrientationLandscapeLeft UIInterfaceOrientationLandscapeRight";
				LD_RUNPATH_SEARCH_PATHS = (
					"$(inherited)",
					"@executable_path/Frameworks",
				);
				MARKETING_VERSION = 1.0;
				PRODUCT_BUNDLE_IDENTIFIER = com.personal.registry;
				PRODUCT_NAME = "$(TARGET_NAME)";
				SWIFT_EMIT_LOC_STRINGS = YES;
				SWIFT_VERSION = 5.0;
				TARGETED_DEVICE_FAMILY = "1,2";
			};
			name = Release;
		};
/* End XCBuildConfiguration section */

/* Begin XCConfigurationList section */
		CFAC644729C36A3400F7BBD9 /* Build configuration list for PBXProject "registry" */ = {
			isa = XCConfigurationList;
			buildConfigurations = (
				CFAC645829C36A3500F7BBD9 /* Debug */,
				CFAC645929C36A3500F7BBD9 /* Release */,
			);
			defaultConfigurationIsVisible = 0;
			defaultConfigurationName = Release;
		};
		CFAC645A29C36A3500F7BBD9 /* Build configuration list for PBXNativeTarget "registry" */ = {
			isa = XCConfigurationList;
			buildConfigurations = (
				CFAC645B29C36A3500F7BBD9 /* Debug */,
				CFAC645C29C36A3500F7BBD9 /* Release */,
			);
			defaultConfigurationIsVisible = 0;
			defaultConfigurationName = Release;
		};
/* End XCConfigurationList section */

/* Begin XCRemoteSwiftPackageReference section */
		CFAC647229C36C7A00F7BBD9 /* XCRemoteSwiftPackageReference "PostgresClientKit" */ = {
			isa = XCRemoteSwiftPackageReference;
			repositoryURL = "https://github.com/codewinsdotcom/PostgresClientKit";
			requirement = {
				kind = upToNextMajorVersion;
				minimumVersion = 1.0.0;
			};
		};
/* End XCRemoteSwiftPackageReference section */

/* Begin XCSwiftPackageProductDependency section */
		CFAC647329C36C7A00F7BBD9 /* PostgresClientKit */ = {
			isa = XCSwiftPackageProductDependency;
			package = CFAC647229C36C7A00F7BBD9 /* XCRemoteSwiftPackageReference "PostgresClientKit" */;
			productName = PostgresClientKit;
		};
/* End XCSwiftPackageProductDependency section */
	};
	rootObject = CFAC644429C36A3400F7BBD9 /* Project object */;
}
